
Microsoft Visual Studio Solution File, Format Version 12.00
# Visual Studio Version 16
VisualStudioVersion = 16.0.29721.120
MinimumVisualStudioVersion = 10.0.40219.1
Project("{FAE04EC0-301F-11D3-BF4B-00C04F79EFBC}") = "BlazoutSV", "BlazoutSV\BlazoutSV.csproj", "{DBBC1C75-AE32-4895-A409-7646B7CCAB1E}"
EndProject
Project("{FAE04EC0-301F-11D3-BF4B-00C04F79EFBC}") = "BlazoutWA1", "BlazoutWA1\BlazoutWA1.csproj", "{055139A2-0E18-4377-B5C1-914729618F2F}"
EndProject
Project("{FAE04EC0-301F-11D3-BF4B-00C04F79EFBC}") = "Blazout1Core", "Blazout1Core\Blazout1Core.csproj", "{DC61148A-8DFD-48F0-BDCC-396C25108D6C}"
EndProject
Global
	GlobalSection(SolutionConfigurationPlatforms) = preSolution
		Debug|Any CPU = Debug|Any CPU
		Release|Any CPU = Release|Any CPU
	EndGlobalSection
	GlobalSection(ProjectConfigurationPlatforms) = postSolution
		{DBBC1C75-AE32-4895-A409-7646B7CCAB1E}.Debug|Any CPU.ActiveCfg = Debug|Any CPU
		{DBBC1C75-AE32-4895-A409-7646B7CCAB1E}.Debug|Any CPU.Build.0 = Debug|Any CPU
		{DBBC1C75-AE32-4895-A409-7646B7CCAB1E}.Release|Any CPU.ActiveCfg = Release|Any CPU
		{DBBC1C75-AE32-4895-A409-7646B7CCAB1E}.Release|Any CPU.Build.0 = Release|Any CPU
		{055139A2-0E18-4377-B5C1-914729618F2F}.Debug|Any CPU.ActiveCfg = Debug|Any CPU
		{055139A2-0E18-4377-B5C1-914729618F2F}.Debug|Any CPU.Build.0 = Debug|Any CPU
		{055139A2-0E18-4377-B5C1-914729618F2F}.Release|Any CPU.ActiveCfg = Release|Any CPU
		{055139A2-0E18-4377-B5C1-914729618F2F}.Release|Any CPU.Build.0 = Release|Any CPU
		{DC61148A-8DFD-48F0-BDCC-396C25108D6C}.Debug|Any CPU.ActiveCfg = Debug|Any CPU
		{DC61148A-8DFD-48F0-BDCC-396C25108D6C}.Debug|Any CPU.Build.0 = Debug|Any CPU
		{DC61148A-8DFD-48F0-BDCC-396C25108D6C}.Release|Any CPU.ActiveCfg = Release|Any CPU
		{DC61148A-8DFD-48F0-BDCC-396C25108D6C}.Release|Any CPU.Build.0 = Release|Any CPU
	EndGlobalSection
	GlobalSection(SolutionProperties) = preSolution
		HideSolutionNode = FALSE
	EndGlobalSection
	GlobalSection(ExtensibilityGlobals) = postSolution
		SolutionGuid = {69BC35D1-84A0-4D5A-A7B5-EC97869518E3}
	EndGlobalSection
EndGlobal
